
Microsoft Visual Studio Solution File, Format Version 12.00
# Visual Studio 15
VisualStudioVersion = 15.0.27703.2035
MinimumVisualStudioVersion = 10.0.40219.1
Project("{FAE04EC0-301F-11D3-BF4B-00C04F79EFBC}") = "Cranklog_Mark3", "Cranklog_Mark3\Cranklog_Mark3.csproj", "{8DBA38C9-EB5A-4327-99FE-822EC3ADA591}"
EndProject
Project("{FAE04EC0-301F-11D3-BF4B-00C04F79EFBC}") = "Cranklog_Mark3.Tests", "Cranklog_Mark3.Tests\Cranklog_Mark3.Tests.csproj", "{E2462014-DBB8-4EEA-85FD-92C0C1FC7CA9}"
EndProject
Global
	GlobalSection(SolutionConfigurationPlatforms) = preSolution
		Debug|Any CPU = Debug|Any CPU
		Release|Any CPU = Release|Any CPU
	EndGlobalSection
	GlobalSection(ProjectConfigurationPlatforms) = postSolution
		{8DBA38C9-EB5A-4327-99FE-822EC3ADA591}.Debug|Any CPU.ActiveCfg = Debug|Any CPU
		{8DBA38C9-EB5A-4327-99FE-822EC3ADA591}.Debug|Any CPU.Build.0 = Debug|Any CPU
		{8DBA38C9-EB5A-4327-99FE-822EC3ADA591}.Release|Any CPU.ActiveCfg = Release|Any CPU
		{8DBA38C9-EB5A-4327-99FE-822EC3ADA591}.Release|Any CPU.Build.0 = Release|Any CPU
		{E2462014-DBB8-4EEA-85FD-92C0C1FC7CA9}.Debug|Any CPU.ActiveCfg = Debug|Any CPU
		{E2462014-DBB8-4EEA-85FD-92C0C1FC7CA9}.Debug|Any CPU.Build.0 = Debug|Any CPU
		{E2462014-DBB8-4EEA-85FD-92C0C1FC7CA9}.Release|Any CPU.ActiveCfg = Release|Any CPU
		{E2462014-DBB8-4EEA-85FD-92C0C1FC7CA9}.Release|Any CPU.Build.0 = Release|Any CPU
	EndGlobalSection
	GlobalSection(SolutionProperties) = preSolution
		HideSolutionNode = FALSE
	EndGlobalSection
	GlobalSection(ExtensibilityGlobals) = postSolution
		SolutionGuid = {ADFE6D0A-519C-471B-85B1-45D73F6DF934}
	EndGlobalSection
EndGlobal
